
Microsoft Visual Studio Solution File, Format Version 12.00
# Visual Studio Version 16
VisualStudioVersion = 16.0.29503.13
MinimumVisualStudioVersion = 10.0.40219.1
Project("{FAE04EC0-301F-11D3-BF4B-00C04F79EFBC}") = "Anofoods.Core", "Anofoods.Core\Anofoods.Core.csproj", "{1E2FBE19-B3F6-40F8-BC08-0110E7B29A0E}"
EndProject
Project("{FAE04EC0-301F-11D3-BF4B-00C04F79EFBC}") = "Anofoods.Data", "Anofoods.Data\Anofoods.Data.csproj", "{76937A7A-0A52-4C15-9299-1C87171ECEBA}"
EndProject
Project("{FAE04EC0-301F-11D3-BF4B-00C04F79EFBC}") = "Anofoods.Infrastructure", "Anofoods.Infrastructure\Anofoods.Infrastructure.csproj", "{9A44B820-D049-4402-8AF6-768C4A67AE53}"
EndProject
Project("{FAE04EC0-301F-11D3-BF4B-00C04F79EFBC}") = "Anofoods.Services", "Anofoods.Services\Anofoods.Services.csproj", "{55777B28-89AC-4A5F-8157-F8DC943165AE}"
EndProject
Project("{FAE04EC0-301F-11D3-BF4B-00C04F79EFBC}") = "Anofoods.Model", "Anofoods.Model\Anofoods.Model.csproj", "{49DC7F53-80C3-4444-8FBA-5C55AB6E7D63}"
EndProject
Project("{FAE04EC0-301F-11D3-BF4B-00C04F79EFBC}") = "Anofoods.Backend", "Anofoods.Backend\Anofoods.Backend.csproj", "{74BF6965-F09F-49C4-B401-63AE2732432B}"
EndProject
Project("{FAE04EC0-301F-11D3-BF4B-00C04F79EFBC}") = "Anofoods.Backend.UnitTests", "Anofoods.Backend.UnitTests\Anofoods.Backend.UnitTests.csproj", "{A0B98D67-C7E2-4433-9589-38B54D47B2B1}"
EndProject
Project("{FAE04EC0-301F-11D3-BF4B-00C04F79EFBC}") = "AnoFoods.Common", "AnoFoods.Common\AnoFoods.Common.csproj", "{232338C5-350F-4929-B9B5-DEF3A84F58C5}"
EndProject
Global
	GlobalSection(SolutionConfigurationPlatforms) = preSolution
		Debug|Any CPU = Debug|Any CPU
		Release|Any CPU = Release|Any CPU
	EndGlobalSection
	GlobalSection(ProjectConfigurationPlatforms) = postSolution
		{1E2FBE19-B3F6-40F8-BC08-0110E7B29A0E}.Debug|Any CPU.ActiveCfg = Debug|Any CPU
		{1E2FBE19-B3F6-40F8-BC08-0110E7B29A0E}.Debug|Any CPU.Build.0 = Debug|Any CPU
		{1E2FBE19-B3F6-40F8-BC08-0110E7B29A0E}.Release|Any CPU.ActiveCfg = Release|Any CPU
		{1E2FBE19-B3F6-40F8-BC08-0110E7B29A0E}.Release|Any CPU.Build.0 = Release|Any CPU
		{76937A7A-0A52-4C15-9299-1C87171ECEBA}.Debug|Any CPU.ActiveCfg = Debug|Any CPU
		{76937A7A-0A52-4C15-9299-1C87171ECEBA}.Debug|Any CPU.Build.0 = Debug|Any CPU
		{76937A7A-0A52-4C15-9299-1C87171ECEBA}.Release|Any CPU.ActiveCfg = Release|Any CPU
		{76937A7A-0A52-4C15-9299-1C87171ECEBA}.Release|Any CPU.Build.0 = Release|Any CPU
		{9A44B820-D049-4402-8AF6-768C4A67AE53}.Debug|Any CPU.ActiveCfg = Debug|Any CPU
		{9A44B820-D049-4402-8AF6-768C4A67AE53}.Debug|Any CPU.Build.0 = Debug|Any CPU
		{9A44B820-D049-4402-8AF6-768C4A67AE53}.Release|Any CPU.ActiveCfg = Release|Any CPU
		{9A44B820-D049-4402-8AF6-768C4A67AE53}.Release|Any CPU.Build.0 = Release|Any CPU
		{55777B28-89AC-4A5F-8157-F8DC943165AE}.Debug|Any CPU.ActiveCfg = Debug|Any CPU
		{55777B28-89AC-4A5F-8157-F8DC943165AE}.Debug|Any CPU.Build.0 = Debug|Any CPU
		{55777B28-89AC-4A5F-8157-F8DC943165AE}.Release|Any CPU.ActiveCfg = Release|Any CPU
		{55777B28-89AC-4A5F-8157-F8DC943165AE}.Release|Any CPU.Build.0 = Release|Any CPU
		{49DC7F53-80C3-4444-8FBA-5C55AB6E7D63}.Debug|Any CPU.ActiveCfg = Debug|Any CPU
		{49DC7F53-80C3-4444-8FBA-5C55AB6E7D63}.Debug|Any CPU.Build.0 = Debug|Any CPU
		{49DC7F53-80C3-4444-8FBA-5C55AB6E7D63}.Release|Any CPU.ActiveCfg = Release|Any CPU
		{49DC7F53-80C3-4444-8FBA-5C55AB6E7D63}.Release|Any CPU.Build.0 = Release|Any CPU
		{74BF6965-F09F-49C4-B401-63AE2732432B}.Debug|Any CPU.ActiveCfg = Debug|Any CPU
		{74BF6965-F09F-49C4-B401-63AE2732432B}.Debug|Any CPU.Build.0 = Debug|Any CPU
		{74BF6965-F09F-49C4-B401-63AE2732432B}.Release|Any CPU.ActiveCfg = Release|Any CPU
		{74BF6965-F09F-49C4-B401-63AE2732432B}.Release|Any CPU.Build.0 = Release|Any CPU
		{A0B98D67-C7E2-4433-9589-38B54D47B2B1}.Debug|Any CPU.ActiveCfg = Debug|Any CPU
		{A0B98D67-C7E2-4433-9589-38B54D47B2B1}.Debug|Any CPU.Build.0 = Debug|Any CPU
		{A0B98D67-C7E2-4433-9589-38B54D47B2B1}.Release|Any CPU.ActiveCfg = Release|Any CPU
		{A0B98D67-C7E2-4433-9589-38B54D47B2B1}.Release|Any CPU.Build.0 = Release|Any CPU
		{232338C5-350F-4929-B9B5-DEF3A84F58C5}.Debug|Any CPU.ActiveCfg = Debug|Any CPU
		{232338C5-350F-4929-B9B5-DEF3A84F58C5}.Debug|Any CPU.Build.0 = Debug|Any CPU
		{232338C5-350F-4929-B9B5-DEF3A84F58C5}.Release|Any CPU.ActiveCfg = Release|Any CPU
		{232338C5-350F-4929-B9B5-DEF3A84F58C5}.Release|Any CPU.Build.0 = Release|Any CPU
	EndGlobalSection
	GlobalSection(SolutionProperties) = preSolution
		HideSolutionNode = FALSE
	EndGlobalSection
	GlobalSection(ExtensibilityGlobals) = postSolution
		SolutionGuid = {B4C39497-563A-4264-9654-C64F39C5D7A9}
	EndGlobalSection
EndGlobal
